
Microsoft Visual Studio Solution File, Format Version 12.00
# Visual Studio Version 16
VisualStudioVersion = 16.0.29509.3
MinimumVisualStudioVersion = 10.0.40219.1
Project("{FAE04EC0-301F-11D3-BF4B-00C04F79EFBC}") = "UWPMappingApp1", "UWPMappingApp1\UWPMappingApp1.csproj", "{E77CB5F5-6E3C-46F1-8D21-A8D769EE5DFF}"
EndProject
Project("{9A19103F-16F7-4668-BE54-9A1E7A4F7556}") = "UWPMappingApp1ML.Model", "UWPMappingApp1ML.Model\UWPMappingApp1ML.Model.csproj", "{65D137EE-A445-47C1-87CC-F2316A4681A1}"
EndProject
Project("{9A19103F-16F7-4668-BE54-9A1E7A4F7556}") = "UWPMappingApp1ML.ConsoleApp", "UWPMappingApp1ML.ConsoleApp\UWPMappingApp1ML.ConsoleApp.csproj", "{62D248C8-7AAA-47EC-AC52-C2EE3F4FC1E1}"
EndProject
Global
	GlobalSection(SolutionConfigurationPlatforms) = preSolution
		Debug|Any CPU = Debug|Any CPU
		Debug|ARM = Debug|ARM
		Debug|ARM64 = Debug|ARM64
		Debug|x64 = Debug|x64
		Debug|x86 = Debug|x86
		Release|Any CPU = Release|Any CPU
		Release|ARM = Release|ARM
		Release|ARM64 = Release|ARM64
		Release|x64 = Release|x64
		Release|x86 = Release|x86
	EndGlobalSection
	GlobalSection(ProjectConfigurationPlatforms) = postSolution
		{E77CB5F5-6E3C-46F1-8D21-A8D769EE5DFF}.Debug|Any CPU.ActiveCfg = Debug|x86
		{E77CB5F5-6E3C-46F1-8D21-A8D769EE5DFF}.Debug|ARM.ActiveCfg = Debug|ARM
		{E77CB5F5-6E3C-46F1-8D21-A8D769EE5DFF}.Debug|ARM.Build.0 = Debug|ARM
		{E77CB5F5-6E3C-46F1-8D21-A8D769EE5DFF}.Debug|ARM.Deploy.0 = Debug|ARM
		{E77CB5F5-6E3C-46F1-8D21-A8D769EE5DFF}.Debug|ARM64.ActiveCfg = Debug|ARM64
		{E77CB5F5-6E3C-46F1-8D21-A8D769EE5DFF}.Debug|ARM64.Build.0 = Debug|ARM64
		{E77CB5F5-6E3C-46F1-8D21-A8D769EE5DFF}.Debug|ARM64.Deploy.0 = Debug|ARM64
		{E77CB5F5-6E3C-46F1-8D21-A8D769EE5DFF}.Debug|x64.ActiveCfg = Debug|x64
		{E77CB5F5-6E3C-46F1-8D21-A8D769EE5DFF}.Debug|x64.Build.0 = Debug|x64
		{E77CB5F5-6E3C-46F1-8D21-A8D769EE5DFF}.Debug|x64.Deploy.0 = Debug|x64
		{E77CB5F5-6E3C-46F1-8D21-A8D769EE5DFF}.Debug|x86.ActiveCfg = Debug|x86
		{E77CB5F5-6E3C-46F1-8D21-A8D769EE5DFF}.Debug|x86.Build.0 = Debug|x86
		{E77CB5F5-6E3C-46F1-8D21-A8D769EE5DFF}.Debug|x86.Deploy.0 = Debug|x86
		{E77CB5F5-6E3C-46F1-8D21-A8D769EE5DFF}.Release|Any CPU.ActiveCfg = Release|x86
		{E77CB5F5-6E3C-46F1-8D21-A8D769EE5DFF}.Release|ARM.ActiveCfg = Release|ARM
		{E77CB5F5-6E3C-46F1-8D21-A8D769EE5DFF}.Release|ARM.Build.0 = Release|ARM
		{E77CB5F5-6E3C-46F1-8D21-A8D769EE5DFF}.Release|ARM.Deploy.0 = Release|ARM
		{E77CB5F5-6E3C-46F1-8D21-A8D769EE5DFF}.Release|ARM64.ActiveCfg = Release|ARM64
		{E77CB5F5-6E3C-46F1-8D21-A8D769EE5DFF}.Release|ARM64.Build.0 = Release|ARM64
		{E77CB5F5-6E3C-46F1-8D21-A8D769EE5DFF}.Release|ARM64.Deploy.0 = Release|ARM64
		{E77CB5F5-6E3C-46F1-8D21-A8D769EE5DFF}.Release|x64.ActiveCfg = Release|x64
		{E77CB5F5-6E3C-46F1-8D21-A8D769EE5DFF}.Release|x64.Build.0 = Release|x64
		{E77CB5F5-6E3C-46F1-8D21-A8D769EE5DFF}.Release|x64.Deploy.0 = Release|x64
		{E77CB5F5-6E3C-46F1-8D21-A8D769EE5DFF}.Release|x86.ActiveCfg = Release|x86
		{E77CB5F5-6E3C-46F1-8D21-A8D769EE5DFF}.Release|x86.Build.0 = Release|x86
		{E77CB5F5-6E3C-46F1-8D21-A8D769EE5DFF}.Release|x86.Deploy.0 = Release|x86
		{65D137EE-A445-47C1-87CC-F2316A4681A1}.Debug|Any CPU.ActiveCfg = Debug|Any CPU
		{65D137EE-A445-47C1-87CC-F2316A4681A1}.Debug|Any CPU.Build.0 = Debug|Any CPU
		{65D137EE-A445-47C1-87CC-F2316A4681A1}.Debug|ARM.ActiveCfg = Debug|Any CPU
		{65D137EE-A445-47C1-87CC-F2316A4681A1}.Debug|ARM.Build.0 = Debug|Any CPU
		{65D137EE-A445-47C1-87CC-F2316A4681A1}.Debug|ARM64.ActiveCfg = Debug|Any CPU
		{65D137EE-A445-47C1-87CC-F2316A4681A1}.Debug|ARM64.Build.0 = Debug|Any CPU
		{65D137EE-A445-47C1-87CC-F2316A4681A1}.Debug|x64.ActiveCfg = Debug|Any CPU
		{65D137EE-A445-47C1-87CC-F2316A4681A1}.Debug|x64.Build.0 = Debug|Any CPU
		{65D137EE-A445-47C1-87CC-F2316A4681A1}.Debug|x86.ActiveCfg = Debug|Any CPU
		{65D137EE-A445-47C1-87CC-F2316A4681A1}.Debug|x86.Build.0 = Debug|Any CPU
		{65D137EE-A445-47C1-87CC-F2316A4681A1}.Release|Any CPU.ActiveCfg = Release|Any CPU
		{65D137EE-A445-47C1-87CC-F2316A4681A1}.Release|Any CPU.Build.0 = Release|Any CPU
		{65D137EE-A445-47C1-87CC-F2316A4681A1}.Release|ARM.ActiveCfg = Release|Any CPU
		{65D137EE-A445-47C1-87CC-F2316A4681A1}.Release|ARM.Build.0 = Release|Any CPU
		{65D137EE-A445-47C1-87CC-F2316A4681A1}.Release|ARM64.ActiveCfg = Release|Any CPU
		{65D137EE-A445-47C1-87CC-F2316A4681A1}.Release|ARM64.Build.0 = Release|Any CPU
		{65D137EE-A445-47C1-87CC-F2316A4681A1}.Release|x64.ActiveCfg = Release|Any CPU
		{65D137EE-A445-47C1-87CC-F2316A4681A1}.Release|x64.Build.0 = Release|Any CPU
		{65D137EE-A445-47C1-87CC-F2316A4681A1}.Release|x86.ActiveCfg = Release|Any CPU
		{65D137EE-A445-47C1-87CC-F2316A4681A1}.Release|x86.Build.0 = Release|Any CPU
		{62D248C8-7AAA-47EC-AC52-C2EE3F4FC1E1}.Debug|Any CPU.ActiveCfg = Debug|Any CPU
		{62D248C8-7AAA-47EC-AC52-C2EE3F4FC1E1}.Debug|Any CPU.Build.0 = Debug|Any CPU
		{62D248C8-7AAA-47EC-AC52-C2EE3F4FC1E1}.Debug|ARM.ActiveCfg = Debug|Any CPU
		{62D248C8-7AAA-47EC-AC52-C2EE3F4FC1E1}.Debug|ARM.Build.0 = Debug|Any CPU
		{62D248C8-7AAA-47EC-AC52-C2EE3F4FC1E1}.Debug|ARM64.ActiveCfg = Debug|Any CPU
		{62D248C8-7AAA-47EC-AC52-C2EE3F4FC1E1}.Debug|ARM64.Build.0 = Debug|Any CPU
		{62D248C8-7AAA-47EC-AC52-C2EE3F4FC1E1}.Debug|x64.ActiveCfg = Debug|Any CPU
		{62D248C8-7AAA-47EC-AC52-C2EE3F4FC1E1}.Debug|x64.Build.0 = Debug|Any CPU
		{62D248C8-7AAA-47EC-AC52-C2EE3F4FC1E1}.Debug|x86.ActiveCfg = Debug|Any CPU
		{62D248C8-7AAA-47EC-AC52-C2EE3F4FC1E1}.Debug|x86.Build.0 = Debug|Any CPU
		{62D248C8-7AAA-47EC-AC52-C2EE3F4FC1E1}.Release|Any CPU.ActiveCfg = Release|Any CPU
		{62D248C8-7AAA-47EC-AC52-C2EE3F4FC1E1}.Release|Any CPU.Build.0 = Release|Any CPU
		{62D248C8-7AAA-47EC-AC52-C2EE3F4FC1E1}.Release|ARM.ActiveCfg = Release|Any CPU
		{62D248C8-7AAA-47EC-AC52-C2EE3F4FC1E1}.Release|ARM.Build.0 = Release|Any CPU
		{62D248C8-7AAA-47EC-AC52-C2EE3F4FC1E1}.Release|ARM64.ActiveCfg = Release|Any CPU
		{62D248C8-7AAA-47EC-AC52-C2EE3F4FC1E1}.Release|ARM64.Build.0 = Release|Any CPU
		{62D248C8-7AAA-47EC-AC52-C2EE3F4FC1E1}.Release|x64.ActiveCfg = Release|Any CPU
		{62D248C8-7AAA-47EC-AC52-C2EE3F4FC1E1}.Release|x64.Build.0 = Release|Any CPU
		{62D248C8-7AAA-47EC-AC52-C2EE3F4FC1E1}.Release|x86.ActiveCfg = Release|Any CPU
		{62D248C8-7AAA-47EC-AC52-C2EE3F4FC1E1}.Release|x86.Build.0 = Release|Any CPU
	EndGlobalSection
	GlobalSection(SolutionProperties) = preSolution
		HideSolutionNode = FALSE
	EndGlobalSection
	GlobalSection(ExtensibilityGlobals) = postSolution
		SolutionGuid = {C7B1E503-EC07-40F4-BF51-DC0E873546C1}
	EndGlobalSection
EndGlobal
